{
  "name": "Compose",
  "lockfileVersion": 3,
  "requires": true,
  "packages": {
    "cli": {
      "name": "@perfect-abstractions/compose-cli",
      "version": "0.1.0",
      "extraneous": true,
      "license": "MIT",
      "dependencies": {
        "fs-extra": "^11.3.3",
        "inquirer": "^13.3.0",
        "minimist": "^1.2.8",
        "picocolors": "^1.1.1"
      },
      "bin": {
        "compose": "index.js"
      },
      "devDependencies": {
        "@eslint/js": "^10.0.1",
        "@nomicfoundation/hardhat-ethers": "^4.0.5",
        "@nomicfoundation/hardhat-ignition": "^3.0.8",
        "@nomicfoundation/hardhat-toolbox-mocha-ethers": "^3.0.3",
        "@nomicfoundation/hardhat-toolbox-viem": "^5.0.2",
        "@types/chai": "^5.2.3",
        "@types/chai-as-promised": "^8.0.2",
        "@types/mocha": "^10.0.10",
        "@types/node": "^22.19.13",
        "chai": "^6.2.2",
        "eslint": "^10.1.0",
        "ethers": "^6.16.0",
        "forge-std": "github:foundry-rs/forge-std#v1.9.4",
        "hardhat": "^3.1.10",
        "mocha": "^11.7.5",
        "typescript": "~5.8.0",
        "viem": "^2.47.0"
      },
      "engines": {
        "node": ">=20"
      }
    },
    "src": {
      "extraneous": true
    },
    "website": {
      "name": "Compose Documentation",
      "version": "0.0.0",
      "extraneous": true,
      "dependencies": {
        "@acid-info/docusaurus-og": "^1.0.3-beta.2",
        "@docusaurus/core": "3.9.2",
        "@docusaurus/preset-classic": "3.9.2",
        "@docusaurus/theme-mermaid": "^3.9.2",
        "@giscus/react": "^3.1.0",
        "@mdx-js/react": "^3.0.0",
        "clsx": "^2.0.0",
        "docusaurus-markdown-source-plugin": "^2.0.1",
        "dotenv": "^17.2.3",
        "gsap": "^3.13.0",
        "posthog-docusaurus": "^2.0.5",
        "prism-react-renderer": "^2.3.0",
        "react": "^19.0.0",
        "react-dom": "^19.0.0",
        "react-hot-toast": "^2.4.1",
        "three": "^0.181.2"
      },
      "devDependencies": {
        "@docusaurus/module-type-aliases": "3.9.2",
        "@docusaurus/types": "3.9.2",
        "@fontsource/geist-sans": "^5.2.5",
        "@fontsource/inter": "^5.2.8"
      },
      "engines": {
        "node": ">=20.0"
      }
    }
  }
}
